
Microsoft Visual Studio Solution File, Format Version 12.00
# Visual Studio 15
VisualStudioVersion = 15.0.27130.2003
MinimumVisualStudioVersion = 10.0.40219.1
Project("{FAE04EC0-301F-11D3-BF4B-00C04F79EFBC}") = "Splatoon.Schedule", "Splatoon.Schedule\Splatoon.Schedule.csproj", "{1C254384-2BC9-4022-961D-0C4FB388201F}"
EndProject
Global
	GlobalSection(SolutionConfigurationPlatforms) = preSolution
		Debug|Any CPU = Debug|Any CPU
		Release|Any CPU = Release|Any CPU
	EndGlobalSection
	GlobalSection(ProjectConfigurationPlatforms) = postSolution
		{1C254384-2BC9-4022-961D-0C4FB388201F}.Debug|Any CPU.ActiveCfg = Debug|Any CPU
		{1C254384-2BC9-4022-961D-0C4FB388201F}.Debug|Any CPU.Build.0 = Debug|Any CPU
		{1C254384-2BC9-4022-961D-0C4FB388201F}.Release|Any CPU.ActiveCfg = Release|Any CPU
		{1C254384-2BC9-4022-961D-0C4FB388201F}.Release|Any CPU.Build.0 = Release|Any CPU
	EndGlobalSection
	GlobalSection(SolutionProperties) = preSolution
		HideSolutionNode = FALSE
	EndGlobalSection
	GlobalSection(ExtensibilityGlobals) = postSolution
		SolutionGuid = {3C795D35-0F5D-40C4-ADFE-B0AA2AE9FE19}
	EndGlobalSection
EndGlobal
